<Solution>
  <Folder Name="/.github/">
    <File Path=".github/copilot-instructions.md" />
  </Folder>
  <Folder Name="/Solution Items/">
    <File Path=".gitignore" />
    <File Path="CLAUDE.md" />
  </Folder>
  <Folder Name="/src/">
    <Project Path="src/SensorPal.Mobile/SensorPal.Mobile.csproj" Id="2064884c-2f6c-4cfc-8874-16d789a1299f">
      <Deploy Solution="Debug|*" />
    </Project>
    <Project Path="src/SensorPal.Server/SensorPal.Server.csproj" />
    <Project Path="src/SensorPal.Shared/SensorPal.Shared.csproj" Id="bd21f87b-f35a-45f3-84db-a97560d9ccc8" />
  </Folder>
</Solution>
